
Microsoft Visual Studio Solution File, Format Version 12.00
# Visual Studio Version 17
VisualStudioVersion = 17.11.35222.181
MinimumVisualStudioVersion = 10.0.40219.1
Project("{FAE04EC0-301F-11D3-BF4B-00C04F79EFBC}") = "Cadastro", "Cadastro.csproj", "{B08E4043-AB05-4D4F-ADB7-CB326D3AC5AC}"
EndProject
Project("{FAE04EC0-301F-11D3-BF4B-00C04F79EFBC}") = "loginalex", "..\loginalex\loginalex.csproj", "{1512C8E1-55C6-4315-B89D-2E2B8B4C0192}"
EndProject
Global
	GlobalSection(SolutionConfigurationPlatforms) = preSolution
		Debug|Any CPU = Debug|Any CPU
		Release|Any CPU = Release|Any CPU
	EndGlobalSection
	GlobalSection(ProjectConfigurationPlatforms) = postSolution
		{B08E4043-AB05-4D4F-ADB7-CB326D3AC5AC}.Debug|Any CPU.ActiveCfg = Debug|Any CPU
		{B08E4043-AB05-4D4F-ADB7-CB326D3AC5AC}.Debug|Any CPU.Build.0 = Debug|Any CPU
		{B08E4043-AB05-4D4F-ADB7-CB326D3AC5AC}.Release|Any CPU.ActiveCfg = Release|Any CPU
		{B08E4043-AB05-4D4F-ADB7-CB326D3AC5AC}.Release|Any CPU.Build.0 = Release|Any CPU
		{1512C8E1-55C6-4315-B89D-2E2B8B4C0192}.Debug|Any CPU.ActiveCfg = Debug|Any CPU
		{1512C8E1-55C6-4315-B89D-2E2B8B4C0192}.Debug|Any CPU.Build.0 = Debug|Any CPU
		{1512C8E1-55C6-4315-B89D-2E2B8B4C0192}.Release|Any CPU.ActiveCfg = Release|Any CPU
		{1512C8E1-55C6-4315-B89D-2E2B8B4C0192}.Release|Any CPU.Build.0 = Release|Any CPU
	EndGlobalSection
	GlobalSection(SolutionProperties) = preSolution
		HideSolutionNode = FALSE
	EndGlobalSection
	GlobalSection(ExtensibilityGlobals) = postSolution
		SolutionGuid = {FD7F094A-002C-4559-B4BB-A524775510B9}
	EndGlobalSection
EndGlobal
